// !$*UTF8*$!
{
	archiveVersion = 1;
	classes = {
	};
	objectVersion = 48;
	objects = {

/* Begin PBXBuildFile section */
		54915215203F335F009C7138 /* AppDelegate.swift in Sources */ = {isa = PBXBuildFile; fileRef = 54915214203F335F009C7138 /* AppDelegate.swift */; };
		54915217203F335F009C7138 /* LoginVC.swift in Sources */ = {isa = PBXBuildFile; fileRef = 54915216203F335F009C7138 /* LoginVC.swift */; };
		5491521F203F335F009C7138 /* LaunchScreen.storyboard in Resources */ = {isa = PBXBuildFile; fileRef = 5491521D203F335F009C7138 /* LaunchScreen.storyboard */; };
		54915227203F339A009C7138 /* Assets.xcassets in Resources */ = {isa = PBXBuildFile; fileRef = 54915226203F339A009C7138 /* Assets.xcassets */; };
		81167268204464BB00267197 /* DatabaseService+Add.swift in Sources */ = {isa = PBXBuildFile; fileRef = 81167267204464BA00267197 /* DatabaseService+Add.swift */; };
		8116726A204464C400267197 /* DatabaseService+Get.swift in Sources */ = {isa = PBXBuildFile; fileRef = 81167269204464C400267197 /* DatabaseService+Get.swift */; };
		8116726C204464D700267197 /* DatabaseServiceDelegate.swift in Sources */ = {isa = PBXBuildFile; fileRef = 8116726B204464D700267197 /* DatabaseServiceDelegate.swift */; };
		8116726E2044652000267197 /* Post.swift in Sources */ = {isa = PBXBuildFile; fileRef = 8116726D2044652000267197 /* Post.swift */; };
		811672702044719200267197 /* Alert.swift in Sources */ = {isa = PBXBuildFile; fileRef = 8116726F2044719200267197 /* Alert.swift */; };
		8116727220447E5B00267197 /* Main.storyboard in Resources */ = {isa = PBXBuildFile; fileRef = 8116727120447E5B00267197 /* Main.storyboard */; };
		8116727420448BE500267197 /* FeedVC.swift in Sources */ = {isa = PBXBuildFile; fileRef = 8116727320448BE500267197 /* FeedVC.swift */; };
		8116727620448BEE00267197 /* UploadVC.swift in Sources */ = {isa = PBXBuildFile; fileRef = 8116727520448BEE00267197 /* UploadVC.swift */; };
		811672782044919E00267197 /* FeedCell.swift in Sources */ = {isa = PBXBuildFile; fileRef = 811672772044919E00267197 /* FeedCell.swift */; };
		812ACC80204460210055129F /* GoogleService-Info.plist in Resources */ = {isa = PBXBuildFile; fileRef = 812ACC7F204460210055129F /* GoogleService-Info.plist */; };
		812ACC86204460D30055129F /* AuthUserService.swift in Sources */ = {isa = PBXBuildFile; fileRef = 812ACC85204460D30055129F /* AuthUserService.swift */; };
		812ACC88204460DB0055129F /* DatabaseService.swift in Sources */ = {isa = PBXBuildFile; fileRef = 812ACC87204460DB0055129F /* DatabaseService.swift */; };
		812ACC8A204460E30055129F /* StorageService.swift in Sources */ = {isa = PBXBuildFile; fileRef = 812ACC89204460E30055129F /* StorageService.swift */; };
		BEFBDCE1CB3E89D63420E2E0 /* Pods_AC_iOS_Final.framework in Frameworks */ = {isa = PBXBuildFile; fileRef = 422C0CFC09DCBC35B98A6593 /* Pods_AC_iOS_Final.framework */; };
/* End PBXBuildFile section */

/* Begin PBXFileReference section */
		422C0CFC09DCBC35B98A6593 /* Pods_AC_iOS_Final.framework */ = {isa = PBXFileReference; explicitFileType = wrapper.framework; includeInIndex = 0; path = Pods_AC_iOS_Final.framework; sourceTree = BUILT_PRODUCTS_DIR; };
		54915211203F335F009C7138 /* AC-iOS-Final.app */ = {isa = PBXFileReference; explicitFileType = wrapper.application; includeInIndex = 0; path = "AC-iOS-Final.app"; sourceTree = BUILT_PRODUCTS_DIR; };
		54915214203F335F009C7138 /* AppDelegate.swift */ = {isa = PBXFileReference; lastKnownFileType = sourcecode.swift; path = AppDelegate.swift; sourceTree = "<group>"; };
		54915216203F335F009C7138 /* LoginVC.swift */ = {isa = PBXFileReference; lastKnownFileType = sourcecode.swift; path = LoginVC.swift; sourceTree = "<group>"; };
		5491521E203F335F009C7138 /* Base */ = {isa = PBXFileReference; lastKnownFileType = file.storyboard; name = Base; path = Base.lproj/LaunchScreen.storyboard; sourceTree = "<group>"; };
		54915220203F335F009C7138 /* Info.plist */ = {isa = PBXFileReference; lastKnownFileType = text.plist.xml; path = Info.plist; sourceTree = "<group>"; };
		54915226203F339A009C7138 /* Assets.xcassets */ = {isa = PBXFileReference; lastKnownFileType = folder.assetcatalog; path = Assets.xcassets; sourceTree = "<group>"; };
		81167267204464BA00267197 /* DatabaseService+Add.swift */ = {isa = PBXFileReference; lastKnownFileType = sourcecode.swift; path = "DatabaseService+Add.swift"; sourceTree = "<group>"; };
		81167269204464C400267197 /* DatabaseService+Get.swift */ = {isa = PBXFileReference; lastKnownFileType = sourcecode.swift; path = "DatabaseService+Get.swift"; sourceTree = "<group>"; };
		8116726B204464D700267197 /* DatabaseServiceDelegate.swift */ = {isa = PBXFileReference; lastKnownFileType = sourcecode.swift; path = DatabaseServiceDelegate.swift; sourceTree = "<group>"; };
		8116726D2044652000267197 /* Post.swift */ = {isa = PBXFileReference; lastKnownFileType = sourcecode.swift; path = Post.swift; sourceTree = "<group>"; };
		8116726F2044719200267197 /* Alert.swift */ = {isa = PBXFileReference; lastKnownFileType = sourcecode.swift; path = Alert.swift; sourceTree = "<group>"; };
		8116727120447E5B00267197 /* Main.storyboard */ = {isa = PBXFileReference; lastKnownFileType = file.storyboard; path = Main.storyboard; sourceTree = "<group>"; };
		8116727320448BE500267197 /* FeedVC.swift */ = {isa = PBXFileReference; lastKnownFileType = sourcecode.swift; path = FeedVC.swift; sourceTree = "<group>"; };
		8116727520448BEE00267197 /* UploadVC.swift */ = {isa = PBXFileReference; lastKnownFileType = sourcecode.swift; path = UploadVC.swift; sourceTree = "<group>"; };
		811672772044919E00267197 /* FeedCell.swift */ = {isa = PBXFileReference; lastKnownFileType = sourcecode.swift; path = FeedCell.swift; sourceTree = "<group>"; };
		812ACC7F204460210055129F /* GoogleService-Info.plist */ = {isa = PBXFileReference; fileEncoding = 4; lastKnownFileType = text.plist.xml; path = "GoogleService-Info.plist"; sourceTree = "<group>"; };
		812ACC85204460D30055129F /* AuthUserService.swift */ = {isa = PBXFileReference; lastKnownFileType = sourcecode.swift; path = AuthUserService.swift; sourceTree = "<group>"; };
		812ACC87204460DB0055129F /* DatabaseService.swift */ = {isa = PBXFileReference; lastKnownFileType = sourcecode.swift; path = DatabaseService.swift; sourceTree = "<group>"; };
		812ACC89204460E30055129F /* StorageService.swift */ = {isa = PBXFileReference; lastKnownFileType = sourcecode.swift; path = StorageService.swift; sourceTree = "<group>"; };
		C55ADD3F4B35468311B6F8F3 /* Pods-AC-iOS-Final.debug.xcconfig */ = {isa = PBXFileReference; includeInIndex = 1; lastKnownFileType = text.xcconfig; name = "Pods-AC-iOS-Final.debug.xcconfig"; path = "Pods/Target Support Files/Pods-AC-iOS-Final/Pods-AC-iOS-Final.debug.xcconfig"; sourceTree = "<group>"; };
		EF8AA6EAAF0E16DD6A17F864 /* Pods-AC-iOS-Final.release.xcconfig */ = {isa = PBXFileReference; includeInIndex = 1; lastKnownFileType = text.xcconfig; name = "Pods-AC-iOS-Final.release.xcconfig"; path = "Pods/Target Support Files/Pods-AC-iOS-Final/Pods-AC-iOS-Final.release.xcconfig"; sourceTree = "<group>"; };
/* End PBXFileReference section */

/* Begin PBXFrameworksBuildPhase section */
		5491520E203F335F009C7138 /* Frameworks */ = {
			isa = PBXFrameworksBuildPhase;
			buildActionMask = 2147483647;
			files = (
				BEFBDCE1CB3E89D63420E2E0 /* Pods_AC_iOS_Final.framework in Frameworks */,
			);
			runOnlyForDeploymentPostprocessing = 0;
		};
/* End PBXFrameworksBuildPhase section */

/* Begin PBXGroup section */
		31C254C50CBB6D5FD76B6143 /* Pods */ = {
			isa = PBXGroup;
			children = (
				C55ADD3F4B35468311B6F8F3 /* Pods-AC-iOS-Final.debug.xcconfig */,
				EF8AA6EAAF0E16DD6A17F864 /* Pods-AC-iOS-Final.release.xcconfig */,
			);
			name = Pods;
			sourceTree = "<group>";
		};
		54915208203F335F009C7138 = {
			isa = PBXGroup;
			children = (
				54915213203F335F009C7138 /* AC-iOS-Final */,
				54915212203F335F009C7138 /* Products */,
				31C254C50CBB6D5FD76B6143 /* Pods */,
				75C1FD161141C6F6EA081BBE /* Frameworks */,
			);
			sourceTree = "<group>";
		};
		54915212203F335F009C7138 /* Products */ = {
			isa = PBXGroup;
			children = (
				54915211203F335F009C7138 /* AC-iOS-Final.app */,
			);
			name = Products;
			sourceTree = "<group>";
		};
		54915213203F335F009C7138 /* AC-iOS-Final */ = {
			isa = PBXGroup;
			children = (
				8116727120447E5B00267197 /* Main.storyboard */,
				812ACC83204460510055129F /* Models */,
				812ACC84204460550055129F /* Views */,
				812ACC822044603C0055129F /* View Controllers */,
				812ACC812044602F0055129F /* Supporting Files */,
				54915220203F335F009C7138 /* Info.plist */,
				812ACC7F204460210055129F /* GoogleService-Info.plist */,
			);
			path = "AC-iOS-Final";
			sourceTree = "<group>";
		};
		75C1FD161141C6F6EA081BBE /* Frameworks */ = {
			isa = PBXGroup;
			children = (
				422C0CFC09DCBC35B98A6593 /* Pods_AC_iOS_Final.framework */,
			);
			name = Frameworks;
			sourceTree = "<group>";
		};
		812ACC812044602F0055129F /* Supporting Files */ = {
			isa = PBXGroup;
			children = (
				54915214203F335F009C7138 /* AppDelegate.swift */,
				5491521D203F335F009C7138 /* LaunchScreen.storyboard */,
				54915226203F339A009C7138 /* Assets.xcassets */,
			);
			path = "Supporting Files";
			sourceTree = "<group>";
		};
		812ACC822044603C0055129F /* View Controllers */ = {
			isa = PBXGroup;
			children = (
				54915216203F335F009C7138 /* LoginVC.swift */,
				8116727320448BE500267197 /* FeedVC.swift */,
				8116727520448BEE00267197 /* UploadVC.swift */,
			);
			path = "View Controllers";
			sourceTree = "<group>";
		};
		812ACC83204460510055129F /* Models */ = {
			isa = PBXGroup;
			children = (
				812ACC8B204460E70055129F /* Services */,
				8116726F2044719200267197 /* Alert.swift */,
				8116726D2044652000267197 /* Post.swift */,
			);
			path = Models;
			sourceTree = "<group>";
		};
		812ACC84204460550055129F /* Views */ = {
			isa = PBXGroup;
			children = (
				811672772044919E00267197 /* FeedCell.swift */,
			);
			path = Views;
			sourceTree = "<group>";
		};
		812ACC8B204460E70055129F /* Services */ = {
			isa = PBXGroup;
			children = (
				812ACC85204460D30055129F /* AuthUserService.swift */,
				812ACC87204460DB0055129F /* DatabaseService.swift */,
				8116726B204464D700267197 /* DatabaseServiceDelegate.swift */,
				81167267204464BA00267197 /* DatabaseService+Add.swift */,
				81167269204464C400267197 /* DatabaseService+Get.swift */,
				812ACC89204460E30055129F /* StorageService.swift */,
			);
			path = Services;
			sourceTree = "<group>";
		};
/* End PBXGroup section */

/* Begin PBXNativeTarget section */
		54915210203F335F009C7138 /* AC-iOS-Final */ = {
			isa = PBXNativeTarget;
			buildConfigurationList = 54915223203F335F009C7138 /* Build configuration list for PBXNativeTarget "AC-iOS-Final" */;
			buildPhases = (
				74790DC90E3A650BFB8FF7D7 /* [CP] Check Pods Manifest.lock */,
				5491520D203F335F009C7138 /* Sources */,
				5491520E203F335F009C7138 /* Frameworks */,
				5491520F203F335F009C7138 /* Resources */,
				CB5E0288A1947B1D71830621 /* [CP] Embed Pods Frameworks */,
				91C1B64609EE46552515B161 /* [CP] Copy Pods Resources */,
			);
			buildRules = (
			);
			dependencies = (
			);
			name = "AC-iOS-Final";
			productName = "AC-iOS-Final";
			productReference = 54915211203F335F009C7138 /* AC-iOS-Final.app */;
			productType = "com.apple.product-type.application";
		};
/* End PBXNativeTarget section */

/* Begin PBXProject section */
		54915209203F335F009C7138 /* Project object */ = {
			isa = PBXProject;
			attributes = {
				LastSwiftUpdateCheck = 0920;
				LastUpgradeCheck = 0920;
				ORGANIZATIONNAME = "C4Q ";
				TargetAttributes = {
					54915210203F335F009C7138 = {
						CreatedOnToolsVersion = 9.2;
						ProvisioningStyle = Automatic;
					};
				};
			};
			buildConfigurationList = 5491520C203F335F009C7138 /* Build configuration list for PBXProject "AC-iOS-Final" */;
			compatibilityVersion = "Xcode 8.0";
			developmentRegion = en;
			hasScannedForEncodings = 0;
			knownRegions = (
				en,
				Base,
			);
			mainGroup = 54915208203F335F009C7138;
			productRefGroup = 54915212203F335F009C7138 /* Products */;
			projectDirPath = "";
			projectRoot = "";
			targets = (
				54915210203F335F009C7138 /* AC-iOS-Final */,
			);
		};
/* End PBXProject section */

/* Begin PBXResourcesBuildPhase section */
		5491520F203F335F009C7138 /* Resources */ = {
			isa = PBXResourcesBuildPhase;
			buildActionMask = 2147483647;
			files = (
				5491521F203F335F009C7138 /* LaunchScreen.storyboard in Resources */,
				54915227203F339A009C7138 /* Assets.xcassets in Resources */,
				812ACC80204460210055129F /* GoogleService-Info.plist in Resources */,
				8116727220447E5B00267197 /* Main.storyboard in Resources */,
			);
			runOnlyForDeploymentPostprocessing = 0;
		};
/* End PBXResourcesBuildPhase section */

/* Begin PBXShellScriptBuildPhase section */
		74790DC90E3A650BFB8FF7D7 /* [CP] Check Pods Manifest.lock */ = {
			isa = PBXShellScriptBuildPhase;
			buildActionMask = 2147483647;
			files = (
			);
			inputPaths = (
				"${PODS_PODFILE_DIR_PATH}/Podfile.lock",
				"${PODS_ROOT}/Manifest.lock",
			);
			name = "[CP] Check Pods Manifest.lock";
			outputPaths = (
				"$(DERIVED_FILE_DIR)/Pods-AC-iOS-Final-checkManifestLockResult.txt",
			);
			runOnlyForDeploymentPostprocessing = 0;
			shellPath = /bin/sh;
			shellScript = "diff \"${PODS_PODFILE_DIR_PATH}/Podfile.lock\" \"${PODS_ROOT}/Manifest.lock\" > /dev/null\nif [ $? != 0 ] ; then\n    # print error to STDERR\n    echo \"error: The sandbox is not in sync with the Podfile.lock. Run 'pod install' or update your CocoaPods installation.\" >&2\n    exit 1\nfi\n# This output is used by Xcode 'outputs' to avoid re-running this script phase.\necho \"SUCCESS\" > \"${SCRIPT_OUTPUT_FILE_0}\"\n";
			showEnvVarsInLog = 0;
		};
		91C1B64609EE46552515B161 /* [CP] Copy Pods Resources */ = {
			isa = PBXShellScriptBuildPhase;
			buildActionMask = 2147483647;
			files = (
			);
			inputPaths = (
			);
			name = "[CP] Copy Pods Resources";
			outputPaths = (
			);
			runOnlyForDeploymentPostprocessing = 0;
			shellPath = /bin/sh;
			shellScript = "\"${SRCROOT}/Pods/Target Support Files/Pods-AC-iOS-Final/Pods-AC-iOS-Final-resources.sh\"\n";
			showEnvVarsInLog = 0;
		};
		CB5E0288A1947B1D71830621 /* [CP] Embed Pods Frameworks */ = {
			isa = PBXShellScriptBuildPhase;
			buildActionMask = 2147483647;
			files = (
			);
			inputPaths = (
				"${SRCROOT}/Pods/Target Support Files/Pods-AC-iOS-Final/Pods-AC-iOS-Final-frameworks.sh",
				"${BUILT_PRODUCTS_DIR}/GTMSessionFetcher/GTMSessionFetcher.framework",
				"${BUILT_PRODUCTS_DIR}/GoogleToolboxForMac/GoogleToolboxForMac.framework",
				"${BUILT_PRODUCTS_DIR}/Kingfisher/Kingfisher.framework",
				"${BUILT_PRODUCTS_DIR}/SVProgressHUD/SVProgressHUD.framework",
				"${BUILT_PRODUCTS_DIR}/Toucan/Toucan.framework",
				"${BUILT_PRODUCTS_DIR}/leveldb-library/leveldb.framework",
				"${BUILT_PRODUCTS_DIR}/nanopb/nanopb.framework",
			);
			name = "[CP] Embed Pods Frameworks";
			outputPaths = (
				"${TARGET_BUILD_DIR}/${FRAMEWORKS_FOLDER_PATH}/GTMSessionFetcher.framework",
				"${TARGET_BUILD_DIR}/${FRAMEWORKS_FOLDER_PATH}/GoogleToolboxForMac.framework",
				"${TARGET_BUILD_DIR}/${FRAMEWORKS_FOLDER_PATH}/Kingfisher.framework",
				"${TARGET_BUILD_DIR}/${FRAMEWORKS_FOLDER_PATH}/SVProgressHUD.framework",
				"${TARGET_BUILD_DIR}/${FRAMEWORKS_FOLDER_PATH}/Toucan.framework",
				"${TARGET_BUILD_DIR}/${FRAMEWORKS_FOLDER_PATH}/leveldb.framework",
				"${TARGET_BUILD_DIR}/${FRAMEWORKS_FOLDER_PATH}/nanopb.framework",
			);
			runOnlyForDeploymentPostprocessing = 0;
			shellPath = /bin/sh;
			shellScript = "\"${SRCROOT}/Pods/Target Support Files/Pods-AC-iOS-Final/Pods-AC-iOS-Final-frameworks.sh\"\n";
			showEnvVarsInLog = 0;
		};
/* End PBXShellScriptBuildPhase section */

/* Begin PBXSourcesBuildPhase section */
		5491520D203F335F009C7138 /* Sources */ = {
			isa = PBXSourcesBuildPhase;
			buildActionMask = 2147483647;
			files = (
				812ACC8A204460E30055129F /* StorageService.swift in Sources */,
				811672782044919E00267197 /* FeedCell.swift in Sources */,
				8116726C204464D700267197 /* DatabaseServiceDelegate.swift in Sources */,
				8116727420448BE500267197 /* FeedVC.swift in Sources */,
				812ACC86204460D30055129F /* AuthUserService.swift in Sources */,
				81167268204464BB00267197 /* DatabaseService+Add.swift in Sources */,
				8116726A204464C400267197 /* DatabaseService+Get.swift in Sources */,
				54915217203F335F009C7138 /* LoginVC.swift in Sources */,
				8116727620448BEE00267197 /* UploadVC.swift in Sources */,
				8116726E2044652000267197 /* Post.swift in Sources */,
				812ACC88204460DB0055129F /* DatabaseService.swift in Sources */,
				811672702044719200267197 /* Alert.swift in Sources */,
				54915215203F335F009C7138 /* AppDelegate.swift in Sources */,
			);
			runOnlyForDeploymentPostprocessing = 0;
		};
/* End PBXSourcesBuildPhase section */

/* Begin PBXVariantGroup section */
		5491521D203F335F009C7138 /* LaunchScreen.storyboard */ = {
			isa = PBXVariantGroup;
			children = (
				5491521E203F335F009C7138 /* Base */,
			);
			name = LaunchScreen.storyboard;
			sourceTree = "<group>";
		};
/* End PBXVariantGroup section */

/* Begin XCBuildConfiguration section */
		54915221203F335F009C7138 /* Debug */ = {
			isa = XCBuildConfiguration;
			buildSettings = {
				ALWAYS_SEARCH_USER_PATHS = NO;
				CLANG_ANALYZER_NONNULL = YES;
				CLANG_ANALYZER_NUMBER_OBJECT_CONVERSION = YES_AGGRESSIVE;
				CLANG_CXX_LANGUAGE_STANDARD = "gnu++14";
				CLANG_CXX_LIBRARY = "libc++";
				CLANG_ENABLE_MODULES = YES;
				CLANG_ENABLE_OBJC_ARC = YES;
				CLANG_WARN_BLOCK_CAPTURE_AUTORELEASING = YES;
				CLANG_WARN_BOOL_CONVERSION = YES;
				CLANG_WARN_COMMA = YES;
				CLANG_WARN_CONSTANT_CONVERSION = YES;
				CLANG_WARN_DIRECT_OBJC_ISA_USAGE = YES_ERROR;
				CLANG_WARN_DOCUMENTATION_COMMENTS = YES;
				CLANG_WARN_EMPTY_BODY = YES;
				CLANG_WARN_ENUM_CONVERSION = YES;
				CLANG_WARN_INFINITE_RECURSION = YES;
				CLANG_WARN_INT_CONVERSION = YES;
				CLANG_WARN_NON_LITERAL_NULL_CONVERSION = YES;
				CLANG_WARN_OBJC_LITERAL_CONVERSION = YES;
				CLANG_WARN_OBJC_ROOT_CLASS = YES_ERROR;
				CLANG_WARN_RANGE_LOOP_ANALYSIS = YES;
				CLANG_WARN_STRICT_PROTOTYPES = YES;
				CLANG_WARN_SUSPICIOUS_MOVE = YES;
				CLANG_WARN_UNGUARDED_AVAILABILITY = YES_AGGRESSIVE;
				CLANG_WARN_UNREACHABLE_CODE = YES;
				CLANG_WARN__DUPLICATE_METHOD_MATCH = YES;
				CODE_SIGN_IDENTITY = "iPhone Developer";
				COPY_PHASE_STRIP = NO;
				DEBUG_INFORMATION_FORMAT = dwarf;
				ENABLE_STRICT_OBJC_MSGSEND = YES;
				ENABLE_TESTABILITY = YES;
				GCC_C_LANGUAGE_STANDARD = gnu11;
				GCC_DYNAMIC_NO_PIC = NO;
				GCC_NO_COMMON_BLOCKS = YES;
				GCC_OPTIMIZATION_LEVEL = 0;
				GCC_PREPROCESSOR_DEFINITIONS = (
					"DEBUG=1",
					"$(inherited)",
				);
				GCC_WARN_64_TO_32_BIT_CONVERSION = YES;
				GCC_WARN_ABOUT_RETURN_TYPE = YES_ERROR;
				GCC_WARN_UNDECLARED_SELECTOR = YES;
				GCC_WARN_UNINITIALIZED_AUTOS = YES_AGGRESSIVE;
				GCC_WARN_UNUSED_FUNCTION = YES;
				GCC_WARN_UNUSED_VARIABLE = YES;
				IPHONEOS_DEPLOYMENT_TARGET = 11.2;
				MTL_ENABLE_DEBUG_INFO = YES;
				ONLY_ACTIVE_ARCH = YES;
				SDKROOT = iphoneos;
				SWIFT_ACTIVE_COMPILATION_CONDITIONS = DEBUG;
				SWIFT_OPTIMIZATION_LEVEL = "-Onone";
			};
			name = Debug;
		};
		54915222203F335F009C7138 /* Release */ = {
			isa = XCBuildConfiguration;
			buildSettings = {
				ALWAYS_SEARCH_USER_PATHS = NO;
				CLANG_ANALYZER_NONNULL = YES;
				CLANG_ANALYZER_NUMBER_OBJECT_CONVERSION = YES_AGGRESSIVE;
				CLANG_CXX_LANGUAGE_STANDARD = "gnu++14";
				CLANG_CXX_LIBRARY = "libc++";
				CLANG_ENABLE_MODULES = YES;
				CLANG_ENABLE_OBJC_ARC = YES;
				CLANG_WARN_BLOCK_CAPTURE_AUTORELEASING = YES;
				CLANG_WARN_BOOL_CONVERSION = YES;
				CLANG_WARN_COMMA = YES;
				CLANG_WARN_CONSTANT_CONVERSION = YES;
				CLANG_WARN_DIRECT_OBJC_ISA_USAGE = YES_ERROR;
				CLANG_WARN_DOCUMENTATION_COMMENTS = YES;
				CLANG_WARN_EMPTY_BODY = YES;
				CLANG_WARN_ENUM_CONVERSION = YES;
				CLANG_WARN_INFINITE_RECURSION = YES;
				CLANG_WARN_INT_CONVERSION = YES;
				CLANG_WARN_NON_LITERAL_NULL_CONVERSION = YES;
				CLANG_WARN_OBJC_LITERAL_CONVERSION = YES;
				CLANG_WARN_OBJC_ROOT_CLASS = YES_ERROR;
				CLANG_WARN_RANGE_LOOP_ANALYSIS = YES;
				CLANG_WARN_STRICT_PROTOTYPES = YES;
				CLANG_WARN_SUSPICIOUS_MOVE = YES;
				CLANG_WARN_UNGUARDED_AVAILABILITY = YES_AGGRESSIVE;
				CLANG_WARN_UNREACHABLE_CODE = YES;
				CLANG_WARN__DUPLICATE_METHOD_MATCH = YES;
				CODE_SIGN_IDENTITY = "iPhone Developer";
				COPY_PHASE_STRIP = NO;
				DEBUG_INFORMATION_FORMAT = "dwarf-with-dsym";
				ENABLE_NS_ASSERTIONS = NO;
				ENABLE_STRICT_OBJC_MSGSEND = YES;
				GCC_C_LANGUAGE_STANDARD = gnu11;
				GCC_NO_COMMON_BLOCKS = YES;
				GCC_WARN_64_TO_32_BIT_CONVERSION = YES;
				GCC_WARN_ABOUT_RETURN_TYPE = YES_ERROR;
				GCC_WARN_UNDECLARED_SELECTOR = YES;
				GCC_WARN_UNINITIALIZED_AUTOS = YES_AGGRESSIVE;
				GCC_WARN_UNUSED_FUNCTION = YES;
				GCC_WARN_UNUSED_VARIABLE = YES;
				IPHONEOS_DEPLOYMENT_TARGET = 11.2;
				MTL_ENABLE_DEBUG_INFO = NO;
				SDKROOT = iphoneos;
				SWIFT_OPTIMIZATION_LEVEL = "-Owholemodule";
				VALIDATE_PRODUCT = YES;
			};
			name = Release;
		};
		54915224203F335F009C7138 /* Debug */ = {
			isa = XCBuildConfiguration;
			baseConfigurationReference = C55ADD3F4B35468311B6F8F3 /* Pods-AC-iOS-Final.debug.xcconfig */;
			buildSettings = {
				ASSETCATALOG_COMPILER_APPICON_NAME = AppIcon;
				CODE_SIGN_STYLE = Automatic;
				DEVELOPMENT_TEAM = 26RHXP32FH;
				INFOPLIST_FILE = "AC-iOS-Final/Info.plist";
				LD_RUNPATH_SEARCH_PATHS = "$(inherited) @executable_path/Frameworks";
				PRODUCT_BUNDLE_IDENTIFIER = "c4q.AC-iOS-Final";
				PRODUCT_NAME = "$(TARGET_NAME)";
				SWIFT_VERSION = 4.0;
				TARGETED_DEVICE_FAMILY = "1,2";
			};
			name = Debug;
		};
		54915225203F335F009C7138 /* Release */ = {
			isa = XCBuildConfiguration;
			baseConfigurationReference = EF8AA6EAAF0E16DD6A17F864 /* Pods-AC-iOS-Final.release.xcconfig */;
			buildSettings = {
				ASSETCATALOG_COMPILER_APPICON_NAME = AppIcon;
				CODE_SIGN_STYLE = Automatic;
				DEVELOPMENT_TEAM = 26RHXP32FH;
				INFOPLIST_FILE = "AC-iOS-Final/Info.plist";
				LD_RUNPATH_SEARCH_PATHS = "$(inherited) @executable_path/Frameworks";
				PRODUCT_BUNDLE_IDENTIFIER = "c4q.AC-iOS-Final";
				PRODUCT_NAME = "$(TARGET_NAME)";
				SWIFT_VERSION = 4.0;
				TARGETED_DEVICE_FAMILY = "1,2";
			};
			name = Release;
		};
/* End XCBuildConfiguration section */

/* Begin XCConfigurationList section */
		5491520C203F335F009C7138 /* Build configuration list for PBXProject "AC-iOS-Final" */ = {
			isa = XCConfigurationList;
			buildConfigurations = (
				54915221203F335F009C7138 /* Debug */,
				54915222203F335F009C7138 /* Release */,
			);
			defaultConfigurationIsVisible = 0;
			defaultConfigurationName = Release;
		};
		54915223203F335F009C7138 /* Build configuration list for PBXNativeTarget "AC-iOS-Final" */ = {
			isa = XCConfigurationList;
			buildConfigurations = (
				54915224203F335F009C7138 /* Debug */,
				54915225203F335F009C7138 /* Release */,
			);
			defaultConfigurationIsVisible = 0;
			defaultConfigurationName = Release;
		};
/* End XCConfigurationList section */
	};
	rootObject = 54915209203F335F009C7138 /* Project object */;
}
